// !$*UTF8*$!
{
	archiveVersion = 1;
	classes = {
	};
	objectVersion = 46;
	objects = {

/* Begin PBXBuildFile section */
		841367371F858165008807BA /* Social.framework in Frameworks */ = {isa = PBXBuildFile; fileRef = 841367361F858165008807BA /* Social.framework */; };
		841FAEF01F72FE9F00CDA336 /* CoreLocation.framework in Frameworks */ = {isa = PBXBuildFile; fileRef = 841FAEEF1F72FE9E00CDA336 /* CoreLocation.framework */; };
		847A6FC91F62E6BB005FD317 /* AppDelegate.swift in Sources */ = {isa = PBXBuildFile; fileRef = 847A6FC81F62E6BB005FD317 /* AppDelegate.swift */; };
		847A6FCB1F62E6BB005FD317 /* ViewController.swift in Sources */ = {isa = PBXBuildFile; fileRef = 847A6FCA1F62E6BB005FD317 /* ViewController.swift */; };
		847A6FCE1F62E6BB005FD317 /* Main.storyboard in Resources */ = {isa = PBXBuildFile; fileRef = 847A6FCC1F62E6BB005FD317 /* Main.storyboard */; };
		847A6FD01F62E6BB005FD317 /* Assets.xcassets in Resources */ = {isa = PBXBuildFile; fileRef = 847A6FCF1F62E6BB005FD317 /* Assets.xcassets */; };
		847A6FD31F62E6BB005FD317 /* LaunchScreen.storyboard in Resources */ = {isa = PBXBuildFile; fileRef = 847A6FD11F62E6BB005FD317 /* LaunchScreen.storyboard */; };
		847A6FDB1F62E9F9005FD317 /* SnippitData.swift in Sources */ = {isa = PBXBuildFile; fileRef = 847A6FDA1F62E9F9005FD317 /* SnippitData.swift */; };
		847A6FDD1F6326B1005FD317 /* TextSnippitEntryViewController.swift in Sources */ = {isa = PBXBuildFile; fileRef = 847A6FDC1F6326B1005FD317 /* TextSnippitEntryViewController.swift */; };
		847AFD191F6AEAEF00F29FAC /* TextSnippitCell.swift in Sources */ = {isa = PBXBuildFile; fileRef = 847AFD181F6AEAEF00F29FAC /* TextSnippitCell.swift */; };
		847AFD1B1F6AEB0000F29FAC /* PhotoSnippitCell.swift in Sources */ = {isa = PBXBuildFile; fileRef = 847AFD1A1F6AEB0000F29FAC /* PhotoSnippitCell.swift */; };
		84E340181F8BCCC60020C3EB /* SnippitData.xcdatamodeld in Sources */ = {isa = PBXBuildFile; fileRef = 84E340161F8BCCC60020C3EB /* SnippitData.xcdatamodeld */; };
/* End PBXBuildFile section */

/* Begin PBXFileReference section */
		841367361F858165008807BA /* Social.framework */ = {isa = PBXFileReference; lastKnownFileType = wrapper.framework; name = Social.framework; path = System/Library/Frameworks/Social.framework; sourceTree = SDKROOT; };
		841FAEEF1F72FE9E00CDA336 /* CoreLocation.framework */ = {isa = PBXFileReference; lastKnownFileType = wrapper.framework; name = CoreLocation.framework; path = System/Library/Frameworks/CoreLocation.framework; sourceTree = SDKROOT; };
		847A6FC51F62E6BB005FD317 /* Snippit.app */ = {isa = PBXFileReference; explicitFileType = wrapper.application; includeInIndex = 0; path = Snippit.app; sourceTree = BUILT_PRODUCTS_DIR; };
		847A6FC81F62E6BB005FD317 /* AppDelegate.swift */ = {isa = PBXFileReference; lastKnownFileType = sourcecode.swift; path = AppDelegate.swift; sourceTree = "<group>"; };
		847A6FCA1F62E6BB005FD317 /* ViewController.swift */ = {isa = PBXFileReference; lastKnownFileType = sourcecode.swift; path = ViewController.swift; sourceTree = "<group>"; };
		847A6FCD1F62E6BB005FD317 /* Base */ = {isa = PBXFileReference; lastKnownFileType = file.storyboard; name = Base; path = Base.lproj/Main.storyboard; sourceTree = "<group>"; };
		847A6FCF1F62E6BB005FD317 /* Assets.xcassets */ = {isa = PBXFileReference; lastKnownFileType = folder.assetcatalog; path = Assets.xcassets; sourceTree = "<group>"; };
		847A6FD21F62E6BB005FD317 /* Base */ = {isa = PBXFileReference; lastKnownFileType = file.storyboard; name = Base; path = Base.lproj/LaunchScreen.storyboard; sourceTree = "<group>"; };
		847A6FD41F62E6BB005FD317 /* Info.plist */ = {isa = PBXFileReference; lastKnownFileType = text.plist.xml; path = Info.plist; sourceTree = "<group>"; };
		847A6FDA1F62E9F9005FD317 /* SnippitData.swift */ = {isa = PBXFileReference; fileEncoding = 4; lastKnownFileType = sourcecode.swift; path = SnippitData.swift; sourceTree = "<group>"; };
		847A6FDC1F6326B1005FD317 /* TextSnippitEntryViewController.swift */ = {isa = PBXFileReference; fileEncoding = 4; lastKnownFileType = sourcecode.swift; path = TextSnippitEntryViewController.swift; sourceTree = "<group>"; };
		847AFD181F6AEAEF00F29FAC /* TextSnippitCell.swift */ = {isa = PBXFileReference; fileEncoding = 4; lastKnownFileType = sourcecode.swift; path = TextSnippitCell.swift; sourceTree = "<group>"; };
		847AFD1A1F6AEB0000F29FAC /* PhotoSnippitCell.swift */ = {isa = PBXFileReference; fileEncoding = 4; lastKnownFileType = sourcecode.swift; path = PhotoSnippitCell.swift; sourceTree = "<group>"; };
		84E340171F8BCCC60020C3EB /* SnippitData.xcdatamodel */ = {isa = PBXFileReference; lastKnownFileType = wrapper.xcdatamodel; path = SnippitData.xcdatamodel; sourceTree = "<group>"; };
/* End PBXFileReference section */

/* Begin PBXFrameworksBuildPhase section */
		847A6FC21F62E6BB005FD317 /* Frameworks */ = {
			isa = PBXFrameworksBuildPhase;
			buildActionMask = 2147483647;
			files = (
				841367371F858165008807BA /* Social.framework in Frameworks */,
				841FAEF01F72FE9F00CDA336 /* CoreLocation.framework in Frameworks */,
			);
			runOnlyForDeploymentPostprocessing = 0;
		};
/* End PBXFrameworksBuildPhase section */

/* Begin PBXGroup section */
		841FAEEE1F72FE9E00CDA336 /* Frameworks */ = {
			isa = PBXGroup;
			children = (
				841367361F858165008807BA /* Social.framework */,
				841FAEEF1F72FE9E00CDA336 /* CoreLocation.framework */,
			);
			name = Frameworks;
			sourceTree = "<group>";
		};
		847A6FBC1F62E6BB005FD317 = {
			isa = PBXGroup;
			children = (
				847A6FC71F62E6BB005FD317 /* Snippit */,
				847A6FC61F62E6BB005FD317 /* Products */,
				841FAEEE1F72FE9E00CDA336 /* Frameworks */,
			);
			sourceTree = "<group>";
		};
		847A6FC61F62E6BB005FD317 /* Products */ = {
			isa = PBXGroup;
			children = (
				847A6FC51F62E6BB005FD317 /* Snippit.app */,
			);
			name = Products;
			sourceTree = "<group>";
		};
		847A6FC71F62E6BB005FD317 /* Snippit */ = {
			isa = PBXGroup;
			children = (
				847A6FC81F62E6BB005FD317 /* AppDelegate.swift */,
				847A6FCA1F62E6BB005FD317 /* ViewController.swift */,
				847AFD1A1F6AEB0000F29FAC /* PhotoSnippitCell.swift */,
				847A6FDA1F62E9F9005FD317 /* SnippitData.swift */,
				847AFD181F6AEAEF00F29FAC /* TextSnippitCell.swift */,
				847A6FDC1F6326B1005FD317 /* TextSnippitEntryViewController.swift */,
				847A6FCC1F62E6BB005FD317 /* Main.storyboard */,
				847A6FCF1F62E6BB005FD317 /* Assets.xcassets */,
				847A6FD11F62E6BB005FD317 /* LaunchScreen.storyboard */,
				847A6FD41F62E6BB005FD317 /* Info.plist */,
				84E340161F8BCCC60020C3EB /* SnippitData.xcdatamodeld */,
			);
			path = Snippit;
			sourceTree = "<group>";
		};
/* End PBXGroup section */

/* Begin PBXNativeTarget section */
		847A6FC41F62E6BB005FD317 /* Snippit */ = {
			isa = PBXNativeTarget;
			buildConfigurationList = 847A6FD71F62E6BB005FD317 /* Build configuration list for PBXNativeTarget "Snippit" */;
			buildPhases = (
				847A6FC11F62E6BB005FD317 /* Sources */,
				847A6FC21F62E6BB005FD317 /* Frameworks */,
				847A6FC31F62E6BB005FD317 /* Resources */,
			);
			buildRules = (
			);
			dependencies = (
			);
			name = Snippit;
			productName = Snippit;
			productReference = 847A6FC51F62E6BB005FD317 /* Snippit.app */;
			productType = "com.apple.product-type.application";
		};
/* End PBXNativeTarget section */

/* Begin PBXProject section */
		847A6FBD1F62E6BB005FD317 /* Project object */ = {
			isa = PBXProject;
			attributes = {
				LastSwiftUpdateCheck = 0830;
				LastUpgradeCheck = 0900;
				ORGANIZATIONNAME = "Lee Herbst";
				TargetAttributes = {
					847A6FC41F62E6BB005FD317 = {
						CreatedOnToolsVersion = 8.3.3;
						DevelopmentTeam = 452Q4EAMHH;
						LastSwiftMigration = 0900;
						ProvisioningStyle = Automatic;
					};
				};
			};
			buildConfigurationList = 847A6FC01F62E6BB005FD317 /* Build configuration list for PBXProject "Snippit" */;
			compatibilityVersion = "Xcode 3.2";
			developmentRegion = English;
			hasScannedForEncodings = 0;
			knownRegions = (
				en,
				Base,
			);
			mainGroup = 847A6FBC1F62E6BB005FD317;
			productRefGroup = 847A6FC61F62E6BB005FD317 /* Products */;
			projectDirPath = "";
			projectRoot = "";
			targets = (
				847A6FC41F62E6BB005FD317 /* Snippit */,
			);
		};
/* End PBXProject section */

/* Begin PBXResourcesBuildPhase section */
		847A6FC31F62E6BB005FD317 /* Resources */ = {
			isa = PBXResourcesBuildPhase;
			buildActionMask = 2147483647;
			files = (
				847A6FD31F62E6BB005FD317 /* LaunchScreen.storyboard in Resources */,
				847A6FD01F62E6BB005FD317 /* Assets.xcassets in Resources */,
				847A6FCE1F62E6BB005FD317 /* Main.storyboard in Resources */,
			);
			runOnlyForDeploymentPostprocessing = 0;
		};
/* End PBXResourcesBuildPhase section */

/* Begin PBXSourcesBuildPhase section */
		847A6FC11F62E6BB005FD317 /* Sources */ = {
			isa = PBXSourcesBuildPhase;
			buildActionMask = 2147483647;
			files = (
				847A6FDD1F6326B1005FD317 /* TextSnippitEntryViewController.swift in Sources */,
				847A6FCB1F62E6BB005FD317 /* ViewController.swift in Sources */,
				847AFD1B1F6AEB0000F29FAC /* PhotoSnippitCell.swift in Sources */,
				84E340181F8BCCC60020C3EB /* SnippitData.xcdatamodeld in Sources */,
				847A6FDB1F62E9F9005FD317 /* SnippitData.swift in Sources */,
				847AFD191F6AEAEF00F29FAC /* TextSnippitCell.swift in Sources */,
				847A6FC91F62E6BB005FD317 /* AppDelegate.swift in Sources */,
			);
			runOnlyForDeploymentPostprocessing = 0;
		};
/* End PBXSourcesBuildPhase section */

/* Begin PBXVariantGroup section */
		847A6FCC1F62E6BB005FD317 /* Main.storyboard */ = {
			isa = PBXVariantGroup;
			children = (
				847A6FCD1F62E6BB005FD317 /* Base */,
			);
			name = Main.storyboard;
			sourceTree = "<group>";
		};
		847A6FD11F62E6BB005FD317 /* LaunchScreen.storyboard */ = {
			isa = PBXVariantGroup;
			children = (
				847A6FD21F62E6BB005FD317 /* Base */,
			);
			name = LaunchScreen.storyboard;
			sourceTree = "<group>";
		};
/* End PBXVariantGroup section */

/* Begin XCBuildConfiguration section */
		847A6FD51F62E6BB005FD317 /* Debug */ = {
			isa = XCBuildConfiguration;
			buildSettings = {
				ALWAYS_SEARCH_USER_PATHS = NO;
				CLANG_ANALYZER_NONNULL = YES;
				CLANG_ANALYZER_NUMBER_OBJECT_CONVERSION = YES_AGGRESSIVE;
				CLANG_CXX_LANGUAGE_STANDARD = "gnu++0x";
				CLANG_CXX_LIBRARY = "libc++";
				CLANG_ENABLE_MODULES = YES;
				CLANG_ENABLE_OBJC_ARC = YES;
				CLANG_WARN_BLOCK_CAPTURE_AUTORELEASING = YES;
				CLANG_WARN_BOOL_CONVERSION = YES;
				CLANG_WARN_COMMA = YES;
				CLANG_WARN_CONSTANT_CONVERSION = YES;
				CLANG_WARN_DIRECT_OBJC_ISA_USAGE = YES_ERROR;
				CLANG_WARN_DOCUMENTATION_COMMENTS = YES;
				CLANG_WARN_EMPTY_BODY = YES;
				CLANG_WARN_ENUM_CONVERSION = YES;
				CLANG_WARN_INFINITE_RECURSION = YES;
				CLANG_WARN_INT_CONVERSION = YES;
				CLANG_WARN_NON_LITERAL_NULL_CONVERSION = YES;
				CLANG_WARN_OBJC_LITERAL_CONVERSION = YES;
				CLANG_WARN_OBJC_ROOT_CLASS = YES_ERROR;
				CLANG_WARN_RANGE_LOOP_ANALYSIS = YES;
				CLANG_WARN_STRICT_PROTOTYPES = YES;
				CLANG_WARN_SUSPICIOUS_MOVE = YES;
				CLANG_WARN_UNREACHABLE_CODE = YES;
				CLANG_WARN__DUPLICATE_METHOD_MATCH = YES;
				CODE_SIGN_IDENTITY = "iPhone Developer";
				"CODE_SIGN_IDENTITY[sdk=iphoneos*]" = "iPhone Developer";
				CODE_SIGN_STYLE = Automatic;
				COPY_PHASE_STRIP = NO;
				DEBUG_INFORMATION_FORMAT = dwarf;
				DEVELOPMENT_TEAM = 452Q4EAMHH;
				ENABLE_STRICT_OBJC_MSGSEND = YES;
				ENABLE_TESTABILITY = YES;
				GCC_C_LANGUAGE_STANDARD = gnu99;
				GCC_DYNAMIC_NO_PIC = NO;
				GCC_NO_COMMON_BLOCKS = YES;
				GCC_OPTIMIZATION_LEVEL = 0;
				GCC_PREPROCESSOR_DEFINITIONS = (
					"DEBUG=1",
					"$(inherited)",
				);
				GCC_WARN_64_TO_32_BIT_CONVERSION = YES;
				GCC_WARN_ABOUT_RETURN_TYPE = YES_ERROR;
				GCC_WARN_UNDECLARED_SELECTOR = YES;
				GCC_WARN_UNINITIALIZED_AUTOS = YES_AGGRESSIVE;
				GCC_WARN_UNUSED_FUNCTION = YES;
				GCC_WARN_UNUSED_VARIABLE = YES;
				IPHONEOS_DEPLOYMENT_TARGET = 11.0;
				MTL_ENABLE_DEBUG_INFO = YES;
				ONLY_ACTIVE_ARCH = YES;
				SDKROOT = iphoneos;
				SWIFT_ACTIVE_COMPILATION_CONDITIONS = DEBUG;
				SWIFT_OPTIMIZATION_LEVEL = "-Onone";
			};
			name = Debug;
		};
		847A6FD61F62E6BB005FD317 /* Release */ = {
			isa = XCBuildConfiguration;
			buildSettings = {
				ALWAYS_SEARCH_USER_PATHS = NO;
				CLANG_ANALYZER_NONNULL = YES;
				CLANG_ANALYZER_NUMBER_OBJECT_CONVERSION = YES_AGGRESSIVE;
				CLANG_CXX_LANGUAGE_STANDARD = "gnu++0x";
				CLANG_CXX_LIBRARY = "libc++";
				CLANG_ENABLE_MODULES = YES;
				CLANG_ENABLE_OBJC_ARC = YES;
				CLANG_WARN_BLOCK_CAPTURE_AUTORELEASING = YES;
				CLANG_WARN_BOOL_CONVERSION = YES;
				CLANG_WARN_COMMA = YES;
				CLANG_WARN_CONSTANT_CONVERSION = YES;
				CLANG_WARN_DIRECT_OBJC_ISA_USAGE = YES_ERROR;
				CLANG_WARN_DOCUMENTATION_COMMENTS = YES;
				CLANG_WARN_EMPTY_BODY = YES;
				CLANG_WARN_ENUM_CONVERSION = YES;
				CLANG_WARN_INFINITE_RECURSION = YES;
				CLANG_WARN_INT_CONVERSION = YES;
				CLANG_WARN_NON_LITERAL_NULL_CONVERSION = YES;
				CLANG_WARN_OBJC_LITERAL_CONVERSION = YES;
				CLANG_WARN_OBJC_ROOT_CLASS = YES_ERROR;
				CLANG_WARN_RANGE_LOOP_ANALYSIS = YES;
				CLANG_WARN_STRICT_PROTOTYPES = YES;
				CLANG_WARN_SUSPICIOUS_MOVE = YES;
				CLANG_WARN_UNREACHABLE_CODE = YES;
				CLANG_WARN__DUPLICATE_METHOD_MATCH = YES;
				CODE_SIGN_IDENTITY = "iPhone Developer";
				"CODE_SIGN_IDENTITY[sdk=iphoneos*]" = "iPhone Developer";
				CODE_SIGN_STYLE = Automatic;
				COPY_PHASE_STRIP = NO;
				DEBUG_INFORMATION_FORMAT = "dwarf-with-dsym";
				DEVELOPMENT_TEAM = 452Q4EAMHH;
				ENABLE_NS_ASSERTIONS = NO;
				ENABLE_STRICT_OBJC_MSGSEND = YES;
				GCC_C_LANGUAGE_STANDARD = gnu99;
				GCC_NO_COMMON_BLOCKS = YES;
				GCC_WARN_64_TO_32_BIT_CONVERSION = YES;
				GCC_WARN_ABOUT_RETURN_TYPE = YES_ERROR;
				GCC_WARN_UNDECLARED_SELECTOR = YES;
				GCC_WARN_UNINITIALIZED_AUTOS = YES_AGGRESSIVE;
				GCC_WARN_UNUSED_FUNCTION = YES;
				GCC_WARN_UNUSED_VARIABLE = YES;
				IPHONEOS_DEPLOYMENT_TARGET = 11.0;
				MTL_ENABLE_DEBUG_INFO = NO;
				SDKROOT = iphoneos;
				SWIFT_OPTIMIZATION_LEVEL = "-Owholemodule";
				VALIDATE_PRODUCT = YES;
			};
			name = Release;
		};
		847A6FD81F62E6BB005FD317 /* Debug */ = {
			isa = XCBuildConfiguration;
			buildSettings = {
				ASSETCATALOG_COMPILER_APPICON_NAME = AppIcon;
				DEVELOPMENT_TEAM = 452Q4EAMHH;
				INFOPLIST_FILE = Snippit/Info.plist;
				LD_RUNPATH_SEARCH_PATHS = "$(inherited) @executable_path/Frameworks";
				PRODUCT_BUNDLE_IDENTIFIER = com.pa.Snippit;
				PRODUCT_NAME = "$(TARGET_NAME)";
				SWIFT_SWIFT3_OBJC_INFERENCE = On;
				SWIFT_VERSION = 4.0;
			};
			name = Debug;
		};
		847A6FD91F62E6BB005FD317 /* Release */ = {
			isa = XCBuildConfiguration;
			buildSettings = {
				ASSETCATALOG_COMPILER_APPICON_NAME = AppIcon;
				DEVELOPMENT_TEAM = 452Q4EAMHH;
				INFOPLIST_FILE = Snippit/Info.plist;
				LD_RUNPATH_SEARCH_PATHS = "$(inherited) @executable_path/Frameworks";
				PRODUCT_BUNDLE_IDENTIFIER = com.pa.Snippit;
				PRODUCT_NAME = "$(TARGET_NAME)";
				SWIFT_SWIFT3_OBJC_INFERENCE = On;
				SWIFT_VERSION = 4.0;
			};
			name = Release;
		};
/* End XCBuildConfiguration section */

/* Begin XCConfigurationList section */
		847A6FC01F62E6BB005FD317 /* Build configuration list for PBXProject "Snippit" */ = {
			isa = XCConfigurationList;
			buildConfigurations = (
				847A6FD51F62E6BB005FD317 /* Debug */,
				847A6FD61F62E6BB005FD317 /* Release */,
			);
			defaultConfigurationIsVisible = 0;
			defaultConfigurationName = Release;
		};
		847A6FD71F62E6BB005FD317 /* Build configuration list for PBXNativeTarget "Snippit" */ = {
			isa = XCConfigurationList;
			buildConfigurations = (
				847A6FD81F62E6BB005FD317 /* Debug */,
				847A6FD91F62E6BB005FD317 /* Release */,
			);
			defaultConfigurationIsVisible = 0;
			defaultConfigurationName = Release;
		};
/* End XCConfigurationList section */

/* Begin XCVersionGroup section */
		84E340161F8BCCC60020C3EB /* SnippitData.xcdatamodeld */ = {
			isa = XCVersionGroup;
			children = (
				84E340171F8BCCC60020C3EB /* SnippitData.xcdatamodel */,
			);
			currentVersion = 84E340171F8BCCC60020C3EB /* SnippitData.xcdatamodel */;
			path = SnippitData.xcdatamodeld;
			sourceTree = "<group>";
			versionGroupType = wrapper.xcdatamodel;
		};
/* End XCVersionGroup section */
	};
	rootObject = 847A6FBD1F62E6BB005FD317 /* Project object */;
}
